PODS:
  - Alamofire (5.5.0)
  - ArcGIS-Runtime-SDK-iOS (100.14)

DEPENDENCIES:
  - Alamofire
  - ArcGIS-Runtime-SDK-iOS

SPEC REPOS:
  trunk:
    - Alamofire
    - ArcGIS-Runtime-SDK-iOS

SPEC CHECKSUMS:
  Alamofire: 1c4fb5369c3fe93d2857c780d8bbe09f06f97e7c
  ArcGIS-Runtime-SDK-iOS: a2dc9c8202952fa58a1c9f1c2ded58887bea07b1

PODFILE CHECKSUM: 0590964ace075f4d144ad83d435241acf5d4cec4

COCOAPODS: 1.11.3
