// !$*UTF8*$!
{
	archiveVersion = 1;
	classes = {
	};
	objectVersion = 55;
	objects = {

/* Begin PBXBuildFile section */
		87458F23C92CDD9223498011 /* Pods_ShowBuildingEsri.framework in Frameworks */ = {isa = PBXBuildFile; fileRef = 5794627DAB53C28D4399AD4F /* Pods_ShowBuildingEsri.framework */; };
		D301F4D9292F59CF00AEE0EF /* DetailsViewController.swift in Sources */ = {isa = PBXBuildFile; fileRef = D301F4D8292F59CF00AEE0EF /* DetailsViewController.swift */; };
		D301F4DD292F696300AEE0EF /* DetailsTableViewCell.swift in Sources */ = {isa = PBXBuildFile; fileRef = D301F4DB292F696300AEE0EF /* DetailsTableViewCell.swift */; };
		D301F4DE292F696300AEE0EF /* DetailsTableViewCell.xib in Resources */ = {isa = PBXBuildFile; fileRef = D301F4DC292F696300AEE0EF /* DetailsTableViewCell.xib */; };
		D301F4E0292F782B00AEE0EF /* AttributesViewController.swift in Sources */ = {isa = PBXBuildFile; fileRef = D301F4DF292F782B00AEE0EF /* AttributesViewController.swift */; };
		D301F4E2292F92E300AEE0EF /* AttachmentViewController.swift in Sources */ = {isa = PBXBuildFile; fileRef = D301F4E1292F92E300AEE0EF /* AttachmentViewController.swift */; };
		D33D4494292CC16B00620A92 /* AppDelegate.swift in Sources */ = {isa = PBXBuildFile; fileRef = D33D4493292CC16B00620A92 /* AppDelegate.swift */; };
		D33D4496292CC16B00620A92 /* SceneDelegate.swift in Sources */ = {isa = PBXBuildFile; fileRef = D33D4495292CC16B00620A92 /* SceneDelegate.swift */; };
		D33D4498292CC16B00620A92 /* MapViewController.swift in Sources */ = {isa = PBXBuildFile; fileRef = D33D4497292CC16B00620A92 /* MapViewController.swift */; };
		D33D449B292CC16B00620A92 /* Main.storyboard in Resources */ = {isa = PBXBuildFile; fileRef = D33D4499292CC16B00620A92 /* Main.storyboard */; };
		D33D449D292CC16D00620A92 /* Assets.xcassets in Resources */ = {isa = PBXBuildFile; fileRef = D33D449C292CC16D00620A92 /* Assets.xcassets */; };
		D33D44A0292CC16D00620A92 /* LaunchScreen.storyboard in Resources */ = {isa = PBXBuildFile; fileRef = D33D449E292CC16D00620A92 /* LaunchScreen.storyboard */; };
		D352574E292CD36900FB04D8 /* responseModel.swift in Sources */ = {isa = PBXBuildFile; fileRef = D352574D292CD36900FB04D8 /* responseModel.swift */; };
		D3ADB023292E9F5A0021BCB9 /* Esri.swift in Sources */ = {isa = PBXBuildFile; fileRef = D3ADB022292E9F5A0021BCB9 /* Esri.swift */; };
/* End PBXBuildFile section */

/* Begin PBXFileReference section */
		5794627DAB53C28D4399AD4F /* Pods_ShowBuildingEsri.framework */ = {isa = PBXFileReference; explicitFileType = wrapper.framework; includeInIndex = 0; path = Pods_ShowBuildingEsri.framework; sourceTree = BUILT_PRODUCTS_DIR; };
		B58D5579EF0EB5F49ADDC263 /* Pods-ShowBuildingEsri.debug.xcconfig */ = {isa = PBXFileReference; includeInIndex = 1; lastKnownFileType = text.xcconfig; name = "Pods-ShowBuildingEsri.debug.xcconfig"; path = "Target Support Files/Pods-ShowBuildingEsri/Pods-ShowBuildingEsri.debug.xcconfig"; sourceTree = "<group>"; };
		BADC2EDB1B4530D67CCA38DB /* Pods-ShowBuildingEsri.release.xcconfig */ = {isa = PBXFileReference; includeInIndex = 1; lastKnownFileType = text.xcconfig; name = "Pods-ShowBuildingEsri.release.xcconfig"; path = "Target Support Files/Pods-ShowBuildingEsri/Pods-ShowBuildingEsri.release.xcconfig"; sourceTree = "<group>"; };
		D301F4D8292F59CF00AEE0EF /* DetailsViewController.swift */ = {isa = PBXFileReference; lastKnownFileType = sourcecode.swift; path = DetailsViewController.swift; sourceTree = "<group>"; };
		D301F4DB292F696300AEE0EF /* DetailsTableViewCell.swift */ = {isa = PBXFileReference; lastKnownFileType = sourcecode.swift; path = DetailsTableViewCell.swift; sourceTree = "<group>"; };
		D301F4DC292F696300AEE0EF /* DetailsTableViewCell.xib */ = {isa = PBXFileReference; lastKnownFileType = file.xib; path = DetailsTableViewCell.xib; sourceTree = "<group>"; };
		D301F4DF292F782B00AEE0EF /* AttributesViewController.swift */ = {isa = PBXFileReference; lastKnownFileType = sourcecode.swift; path = AttributesViewController.swift; sourceTree = "<group>"; };
		D301F4E1292F92E300AEE0EF /* AttachmentViewController.swift */ = {isa = PBXFileReference; lastKnownFileType = sourcecode.swift; path = AttachmentViewController.swift; sourceTree = "<group>"; };
		D33D4490292CC16B00620A92 /* ShowBuildingEsri.app */ = {isa = PBXFileReference; explicitFileType = wrapper.application; includeInIndex = 0; path = ShowBuildingEsri.app; sourceTree = BUILT_PRODUCTS_DIR; };
		D33D4493292CC16B00620A92 /* AppDelegate.swift */ = {isa = PBXFileReference; lastKnownFileType = sourcecode.swift; path = AppDelegate.swift; sourceTree = "<group>"; };
		D33D4495292CC16B00620A92 /* SceneDelegate.swift */ = {isa = PBXFileReference; lastKnownFileType = sourcecode.swift; path = SceneDelegate.swift; sourceTree = "<group>"; };
		D33D4497292CC16B00620A92 /* MapViewController.swift */ = {isa = PBXFileReference; lastKnownFileType = sourcecode.swift; path = MapViewController.swift; sourceTree = "<group>"; };
		D33D449A292CC16B00620A92 /* Base */ = {isa = PBXFileReference; lastKnownFileType = file.storyboard; name = Base; path = Base.lproj/Main.storyboard; sourceTree = "<group>"; };
		D33D449C292CC16D00620A92 /* Assets.xcassets */ = {isa = PBXFileReference; lastKnownFileType = folder.assetcatalog; path = Assets.xcassets; sourceTree = "<group>"; };
		D33D449F292CC16D00620A92 /* Base */ = {isa = PBXFileReference; lastKnownFileType = file.storyboard; name = Base; path = Base.lproj/LaunchScreen.storyboard; sourceTree = "<group>"; };
		D33D44A1292CC16D00620A92 /* Info.plist */ = {isa = PBXFileReference; lastKnownFileType = text.plist.xml; path = Info.plist; sourceTree = "<group>"; };
		D352574D292CD36900FB04D8 /* responseModel.swift */ = {isa = PBXFileReference; lastKnownFileType = sourcecode.swift; path = responseModel.swift; sourceTree = "<group>"; };
		D3ADB022292E9F5A0021BCB9 /* Esri.swift */ = {isa = PBXFileReference; lastKnownFileType = sourcecode.swift; path = Esri.swift; sourceTree = "<group>"; };
/* End PBXFileReference section */

/* Begin PBXFrameworksBuildPhase section */
		D33D448D292CC16B00620A92 /* Frameworks */ = {
			isa = PBXFrameworksBuildPhase;
			buildActionMask = 2147483647;
			files = (
				87458F23C92CDD9223498011 /* Pods_ShowBuildingEsri.framework in Frameworks */,
			);
			runOnlyForDeploymentPostprocessing = 0;
		};
/* End PBXFrameworksBuildPhase section */

/* Begin PBXGroup section */
		4209DCD20BFABBC6F1C894A6 /* Pods */ = {
			isa = PBXGroup;
			children = (
				B58D5579EF0EB5F49ADDC263 /* Pods-ShowBuildingEsri.debug.xcconfig */,
				BADC2EDB1B4530D67CCA38DB /* Pods-ShowBuildingEsri.release.xcconfig */,
			);
			path = Pods;
			sourceTree = "<group>";
		};
		A7EEF16F2A77E5D238872555 /* Frameworks */ = {
			isa = PBXGroup;
			children = (
				5794627DAB53C28D4399AD4F /* Pods_ShowBuildingEsri.framework */,
			);
			name = Frameworks;
			sourceTree = "<group>";
		};
		D301F4DA292F694C00AEE0EF /* Cell */ = {
			isa = PBXGroup;
			children = (
				D301F4DB292F696300AEE0EF /* DetailsTableViewCell.swift */,
				D301F4DC292F696300AEE0EF /* DetailsTableViewCell.xib */,
			);
			path = Cell;
			sourceTree = "<group>";
		};
		D33D4487292CC16B00620A92 = {
			isa = PBXGroup;
			children = (
				D33D4492292CC16B00620A92 /* ShowBuildingEsri */,
				D33D4491292CC16B00620A92 /* Products */,
				4209DCD20BFABBC6F1C894A6 /* Pods */,
				A7EEF16F2A77E5D238872555 /* Frameworks */,
			);
			sourceTree = "<group>";
		};
		D33D4491292CC16B00620A92 /* Products */ = {
			isa = PBXGroup;
			children = (
				D33D4490292CC16B00620A92 /* ShowBuildingEsri.app */,
			);
			name = Products;
			sourceTree = "<group>";
		};
		D33D4492292CC16B00620A92 /* ShowBuildingEsri */ = {
			isa = PBXGroup;
			children = (
				D33D44A7292CC18500620A92 /* AppDelegate */,
				D352574C292CD35800FB04D8 /* Model */,
				D33D44A8292CC18E00620A92 /* Map View */,
				D301F4DA292F694C00AEE0EF /* Cell */,
				D33D44A9292CC19500620A92 /* Assits */,
				D3ADB021292E9F4B0021BCB9 /* Esri SDK */,
				D33D44AA292CC19D00620A92 /* launchScreen */,
			);
			path = ShowBuildingEsri;
			sourceTree = "<group>";
		};
		D33D44A7292CC18500620A92 /* AppDelegate */ = {
			isa = PBXGroup;
			children = (
				D33D4493292CC16B00620A92 /* AppDelegate.swift */,
				D33D4495292CC16B00620A92 /* SceneDelegate.swift */,
			);
			path = AppDelegate;
			sourceTree = "<group>";
		};
		D33D44A8292CC18E00620A92 /* Map View */ = {
			isa = PBXGroup;
			children = (
				D33D4497292CC16B00620A92 /* MapViewController.swift */,
				D301F4D8292F59CF00AEE0EF /* DetailsViewController.swift */,
				D301F4DF292F782B00AEE0EF /* AttributesViewController.swift */,
				D301F4E1292F92E300AEE0EF /* AttachmentViewController.swift */,
				D33D4499292CC16B00620A92 /* Main.storyboard */,
			);
			path = "Map View";
			sourceTree = "<group>";
		};
		D33D44A9292CC19500620A92 /* Assits */ = {
			isa = PBXGroup;
			children = (
				D33D449C292CC16D00620A92 /* Assets.xcassets */,
				D33D44A1292CC16D00620A92 /* Info.plist */,
			);
			path = Assits;
			sourceTree = "<group>";
		};
		D33D44AA292CC19D00620A92 /* launchScreen */ = {
			isa = PBXGroup;
			children = (
				D33D449E292CC16D00620A92 /* LaunchScreen.storyboard */,
			);
			path = launchScreen;
			sourceTree = "<group>";
		};
		D352574C292CD35800FB04D8 /* Model */ = {
			isa = PBXGroup;
			children = (
				D352574D292CD36900FB04D8 /* responseModel.swift */,
			);
			path = Model;
			sourceTree = "<group>";
		};
		D3ADB021292E9F4B0021BCB9 /* Esri SDK */ = {
			isa = PBXGroup;
			children = (
				D3ADB022292E9F5A0021BCB9 /* Esri.swift */,
			);
			path = "Esri SDK";
			sourceTree = "<group>";
		};
/* End PBXGroup section */

/* Begin PBXNativeTarget section */
		D33D448F292CC16B00620A92 /* ShowBuildingEsri */ = {
			isa = PBXNativeTarget;
			buildConfigurationList = D33D44A4292CC16D00620A92 /* Build configuration list for PBXNativeTarget "ShowBuildingEsri" */;
			buildPhases = (
				BB3E7CC4A777374CDE12D246 /* [CP] Check Pods Manifest.lock */,
				D33D448C292CC16B00620A92 /* Sources */,
				D33D448D292CC16B00620A92 /* Frameworks */,
				D33D448E292CC16B00620A92 /* Resources */,
				466DD70B025961AC5CDA698B /* [CP] Embed Pods Frameworks */,
			);
			buildRules = (
			);
			dependencies = (
			);
			name = ShowBuildingEsri;
			productName = ShowBuildingEsri;
			productReference = D33D4490292CC16B00620A92 /* ShowBuildingEsri.app */;
			productType = "com.apple.product-type.application";
		};
/* End PBXNativeTarget section */

/* Begin PBXProject section */
		D33D4488292CC16B00620A92 /* Project object */ = {
			isa = PBXProject;
			attributes = {
				BuildIndependentTargetsInParallel = 1;
				LastSwiftUpdateCheck = 1330;
				LastUpgradeCheck = 1330;
				TargetAttributes = {
					D33D448F292CC16B00620A92 = {
						CreatedOnToolsVersion = 13.3;
					};
				};
			};
			buildConfigurationList = D33D448B292CC16B00620A92 /* Build configuration list for PBXProject "ShowBuildingEsri" */;
			compatibilityVersion = "Xcode 13.0";
			developmentRegion = en;
			hasScannedForEncodings = 0;
			knownRegions = (
				en,
				Base,
			);
			mainGroup = D33D4487292CC16B00620A92;
			productRefGroup = D33D4491292CC16B00620A92 /* Products */;
			projectDirPath = "";
			projectRoot = "";
			targets = (
				D33D448F292CC16B00620A92 /* ShowBuildingEsri */,
			);
		};
/* End PBXProject section */

/* Begin PBXResourcesBuildPhase section */
		D33D448E292CC16B00620A92 /* Resources */ = {
			isa = PBXResourcesBuildPhase;
			buildActionMask = 2147483647;
			files = (
				D33D44A0292CC16D00620A92 /* LaunchScreen.storyboard in Resources */,
				D33D449D292CC16D00620A92 /* Assets.xcassets in Resources */,
				D301F4DE292F696300AEE0EF /* DetailsTableViewCell.xib in Resources */,
				D33D449B292CC16B00620A92 /* Main.storyboard in Resources */,
			);
			runOnlyForDeploymentPostprocessing = 0;
		};
/* End PBXResourcesBuildPhase section */

/* Begin PBXShellScriptBuildPhase section */
		466DD70B025961AC5CDA698B /* [CP] Embed Pods Frameworks */ = {
			isa = PBXShellScriptBuildPhase;
			buildActionMask = 2147483647;
			files = (
			);
			inputFileListPaths = (
				"${PODS_ROOT}/Target Support Files/Pods-ShowBuildingEsri/Pods-ShowBuildingEsri-frameworks-${CONFIGURATION}-input-files.xcfilelist",
			);
			name = "[CP] Embed Pods Frameworks";
			outputFileListPaths = (
				"${PODS_ROOT}/Target Support Files/Pods-ShowBuildingEsri/Pods-ShowBuildingEsri-frameworks-${CONFIGURATION}-output-files.xcfilelist",
			);
			runOnlyForDeploymentPostprocessing = 0;
			shellPath = /bin/sh;
			shellScript = "\"${PODS_ROOT}/Target Support Files/Pods-ShowBuildingEsri/Pods-ShowBuildingEsri-frameworks.sh\"\n";
			showEnvVarsInLog = 0;
		};
		BB3E7CC4A777374CDE12D246 /* [CP] Check Pods Manifest.lock */ = {
			isa = PBXShellScriptBuildPhase;
			buildActionMask = 2147483647;
			files = (
			);
			inputFileListPaths = (
			);
			inputPaths = (
				"${PODS_PODFILE_DIR_PATH}/Podfile.lock",
				"${PODS_ROOT}/Manifest.lock",
			);
			name = "[CP] Check Pods Manifest.lock";
			outputFileListPaths = (
			);
			outputPaths = (
				"$(DERIVED_FILE_DIR)/Pods-ShowBuildingEsri-checkManifestLockResult.txt",
			);
			runOnlyForDeploymentPostprocessing = 0;
			shellPath = /bin/sh;
			shellScript = "diff \"${PODS_PODFILE_DIR_PATH}/Podfile.lock\" \"${PODS_ROOT}/Manifest.lock\" > /dev/null\nif [ $? != 0 ] ; then\n    # print error to STDERR\n    echo \"error: The sandbox is not in sync with the Podfile.lock. Run 'pod install' or update your CocoaPods installation.\" >&2\n    exit 1\nfi\n# This output is used by Xcode 'outputs' to avoid re-running this script phase.\necho \"SUCCESS\" > \"${SCRIPT_OUTPUT_FILE_0}\"\n";
			showEnvVarsInLog = 0;
		};
/* End PBXShellScriptBuildPhase section */

/* Begin PBXSourcesBuildPhase section */
		D33D448C292CC16B00620A92 /* Sources */ = {
			isa = PBXSourcesBuildPhase;
			buildActionMask = 2147483647;
			files = (
				D301F4E2292F92E300AEE0EF /* AttachmentViewController.swift in Sources */,
				D33D4498292CC16B00620A92 /* MapViewController.swift in Sources */,
				D33D4494292CC16B00620A92 /* AppDelegate.swift in Sources */,
				D3ADB023292E9F5A0021BCB9 /* Esri.swift in Sources */,
				D352574E292CD36900FB04D8 /* responseModel.swift in Sources */,
				D33D4496292CC16B00620A92 /* SceneDelegate.swift in Sources */,
				D301F4D9292F59CF00AEE0EF /* DetailsViewController.swift in Sources */,
				D301F4DD292F696300AEE0EF /* DetailsTableViewCell.swift in Sources */,
				D301F4E0292F782B00AEE0EF /* AttributesViewController.swift in Sources */,
			);
			runOnlyForDeploymentPostprocessing = 0;
		};
/* End PBXSourcesBuildPhase section */

/* Begin PBXVariantGroup section */
		D33D4499292CC16B00620A92 /* Main.storyboard */ = {
			isa = PBXVariantGroup;
			children = (
				D33D449A292CC16B00620A92 /* Base */,
			);
			name = Main.storyboard;
			sourceTree = "<group>";
		};
		D33D449E292CC16D00620A92 /* LaunchScreen.storyboard */ = {
			isa = PBXVariantGroup;
			children = (
				D33D449F292CC16D00620A92 /* Base */,
			);
			name = LaunchScreen.storyboard;
			sourceTree = "<group>";
		};
/* End PBXVariantGroup section */

/* Begin XCBuildConfiguration section */
		D33D44A2292CC16D00620A92 /* Debug */ = {
			isa = XCBuildConfiguration;
			buildSettings = {
				ALWAYS_SEARCH_USER_PATHS = NO;
				CLANG_ANALYZER_NONNULL = YES;
				CLANG_ANALYZER_NUMBER_OBJECT_CONVERSION = YES_AGGRESSIVE;
				CLANG_CXX_LANGUAGE_STANDARD = "gnu++17";
				CLANG_ENABLE_MODULES = YES;
				CLANG_ENABLE_OBJC_ARC = YES;
				CLANG_ENABLE_OBJC_WEAK = YES;
				CLANG_WARN_BLOCK_CAPTURE_AUTORELEASING = YES;
				CLANG_WARN_BOOL_CONVERSION = YES;
				CLANG_WARN_COMMA = YES;
				CLANG_WARN_CONSTANT_CONVERSION = YES;
				CLANG_WARN_DEPRECATED_OBJC_IMPLEMENTATIONS = YES;
				CLANG_WARN_DIRECT_OBJC_ISA_USAGE = YES_ERROR;
				CLANG_WARN_DOCUMENTATION_COMMENTS = YES;
				CLANG_WARN_EMPTY_BODY = YES;
				CLANG_WARN_ENUM_CONVERSION = YES;
				CLANG_WARN_INFINITE_RECURSION = YES;
				CLANG_WARN_INT_CONVERSION = YES;
				CLANG_WARN_NON_LITERAL_NULL_CONVERSION = YES;
				CLANG_WARN_OBJC_IMPLICIT_RETAIN_SELF = YES;
				CLANG_WARN_OBJC_LITERAL_CONVERSION = YES;
				CLANG_WARN_OBJC_ROOT_CLASS = YES_ERROR;
				CLANG_WARN_QUOTED_INCLUDE_IN_FRAMEWORK_HEADER = YES;
				CLANG_WARN_RANGE_LOOP_ANALYSIS = YES;
				CLANG_WARN_STRICT_PROTOTYPES = YES;
				CLANG_WARN_SUSPICIOUS_MOVE = YES;
				CLANG_WARN_UNGUARDED_AVAILABILITY = YES_AGGRESSIVE;
				CLANG_WARN_UNREACHABLE_CODE = YES;
				CLANG_WARN__DUPLICATE_METHOD_MATCH = YES;
				COPY_PHASE_STRIP = NO;
				DEBUG_INFORMATION_FORMAT = dwarf;
				ENABLE_STRICT_OBJC_MSGSEND = YES;
				ENABLE_TESTABILITY = YES;
				GCC_C_LANGUAGE_STANDARD = gnu11;
				GCC_DYNAMIC_NO_PIC = NO;
				GCC_NO_COMMON_BLOCKS = YES;
				GCC_OPTIMIZATION_LEVEL = 0;
				GCC_PREPROCESSOR_DEFINITIONS = (
					"DEBUG=1",
					"$(inherited)",
				);
				GCC_WARN_64_TO_32_BIT_CONVERSION = YES;
				GCC_WARN_ABOUT_RETURN_TYPE = YES_ERROR;
				GCC_WARN_UNDECLARED_SELECTOR = YES;
				GCC_WARN_UNINITIALIZED_AUTOS = YES_AGGRESSIVE;
				GCC_WARN_UNUSED_FUNCTION = YES;
				GCC_WARN_UNUSED_VARIABLE = YES;
				IPHONEOS_DEPLOYMENT_TARGET = 15.4;
				MTL_ENABLE_DEBUG_INFO = INCLUDE_SOURCE;
				MTL_FAST_MATH = YES;
				ONLY_ACTIVE_ARCH = YES;
				SDKROOT = iphoneos;
				SWIFT_ACTIVE_COMPILATION_CONDITIONS = DEBUG;
				SWIFT_OPTIMIZATION_LEVEL = "-Onone";
			};
			name = Debug;
		};
		D33D44A3292CC16D00620A92 /* Release */ = {
			isa = XCBuildConfiguration;
			buildSettings = {
				ALWAYS_SEARCH_USER_PATHS = NO;
				CLANG_ANALYZER_NONNULL = YES;
				CLANG_ANALYZER_NUMBER_OBJECT_CONVERSION = YES_AGGRESSIVE;
				CLANG_CXX_LANGUAGE_STANDARD = "gnu++17";
				CLANG_ENABLE_MODULES = YES;
				CLANG_ENABLE_OBJC_ARC = YES;
				CLANG_ENABLE_OBJC_WEAK = YES;
				CLANG_WARN_BLOCK_CAPTURE_AUTORELEASING = YES;
				CLANG_WARN_BOOL_CONVERSION = YES;
				CLANG_WARN_COMMA = YES;
				CLANG_WARN_CONSTANT_CONVERSION = YES;
				CLANG_WARN_DEPRECATED_OBJC_IMPLEMENTATIONS = YES;
				CLANG_WARN_DIRECT_OBJC_ISA_USAGE = YES_ERROR;
				CLANG_WARN_DOCUMENTATION_COMMENTS = YES;
				CLANG_WARN_EMPTY_BODY = YES;
				CLANG_WARN_ENUM_CONVERSION = YES;
				CLANG_WARN_INFINITE_RECURSION = YES;
				CLANG_WARN_INT_CONVERSION = YES;
				CLANG_WARN_NON_LITERAL_NULL_CONVERSION = YES;
				CLANG_WARN_OBJC_IMPLICIT_RETAIN_SELF = YES;
				CLANG_WARN_OBJC_LITERAL_CONVERSION = YES;
				CLANG_WARN_OBJC_ROOT_CLASS = YES_ERROR;
				CLANG_WARN_QUOTED_INCLUDE_IN_FRAMEWORK_HEADER = YES;
				CLANG_WARN_RANGE_LOOP_ANALYSIS = YES;
				CLANG_WARN_STRICT_PROTOTYPES = YES;
				CLANG_WARN_SUSPICIOUS_MOVE = YES;
				CLANG_WARN_UNGUARDED_AVAILABILITY = YES_AGGRESSIVE;
				CLANG_WARN_UNREACHABLE_CODE = YES;
				CLANG_WARN__DUPLICATE_METHOD_MATCH = YES;
				COPY_PHASE_STRIP = NO;
				DEBUG_INFORMATION_FORMAT = "dwarf-with-dsym";
				ENABLE_NS_ASSERTIONS = NO;
				ENABLE_STRICT_OBJC_MSGSEND = YES;
				GCC_C_LANGUAGE_STANDARD = gnu11;
				GCC_NO_COMMON_BLOCKS = YES;
				GCC_WARN_64_TO_32_BIT_CONVERSION = YES;
				GCC_WARN_ABOUT_RETURN_TYPE = YES_ERROR;
				GCC_WARN_UNDECLARED_SELECTOR = YES;
				GCC_WARN_UNINITIALIZED_AUTOS = YES_AGGRESSIVE;
				GCC_WARN_UNUSED_FUNCTION = YES;
				GCC_WARN_UNUSED_VARIABLE = YES;
				IPHONEOS_DEPLOYMENT_TARGET = 15.4;
				MTL_ENABLE_DEBUG_INFO = NO;
				MTL_FAST_MATH = YES;
				SDKROOT = iphoneos;
				SWIFT_COMPILATION_MODE = wholemodule;
				SWIFT_OPTIMIZATION_LEVEL = "-O";
				VALIDATE_PRODUCT = YES;
			};
			name = Release;
		};
		D33D44A5292CC16D00620A92 /* Debug */ = {
			isa = XCBuildConfiguration;
			baseConfigurationReference = B58D5579EF0EB5F49ADDC263 /* Pods-ShowBuildingEsri.debug.xcconfig */;
			buildSettings = {
				ASSETCATALOG_COMPILER_APPICON_NAME = AppIcon;
				ASSETCATALOG_COMPILER_GLOBAL_ACCENT_COLOR_NAME = AccentColor;
				CODE_SIGN_STYLE = Automatic;
				CURRENT_PROJECT_VERSION = 1;
				DEVELOPMENT_TEAM = X4YZSY77G5;
				GENERATE_INFOPLIST_FILE = YES;
				INFOPLIST_FILE = ShowBuildingEsri/Assits/Info.plist;
				INFOPLIST_KEY_UIApplicationSupportsIndirectInputEvents = YES;
				INFOPLIST_KEY_UILaunchStoryboardName = LaunchScreen;
				INFOPLIST_KEY_UIMainStoryboardFile = Main;
				INFOPLIST_KEY_UISupportedInterfaceOrientations_iPad = "UIInterfaceOrientationPortrait UIInterfaceOrientationPortraitUpsideDown UIInterfaceOrientationLandscapeLeft UIInterfaceOrientationLandscapeRight";
				INFOPLIST_KEY_UISupportedInterfaceOrientations_iPhone = "UIInterfaceOrientationPortrait UIInterfaceOrientationLandscapeLeft UIInterfaceOrientationLandscapeRight";
				LD_RUNPATH_SEARCH_PATHS = (
					"$(inherited)",
					"@executable_path/Frameworks",
				);
				MARKETING_VERSION = 1.0;
				PRODUCT_BUNDLE_IDENTIFIER = com.myorginization199.ShowBuildingEsri;
				PRODUCT_NAME = "$(TARGET_NAME)";
				SWIFT_EMIT_LOC_STRINGS = YES;
				SWIFT_VERSION = 5.0;
				TARGETED_DEVICE_FAMILY = 1;
			};
			name = Debug;
		};
		D33D44A6292CC16D00620A92 /* Release */ = {
			isa = XCBuildConfiguration;
			baseConfigurationReference = BADC2EDB1B4530D67CCA38DB /* Pods-ShowBuildingEsri.release.xcconfig */;
			buildSettings = {
				ASSETCATALOG_COMPILER_APPICON_NAME = AppIcon;
				ASSETCATALOG_COMPILER_GLOBAL_ACCENT_COLOR_NAME = AccentColor;
				CODE_SIGN_STYLE = Automatic;
				CURRENT_PROJECT_VERSION = 1;
				DEVELOPMENT_TEAM = X4YZSY77G5;
				GENERATE_INFOPLIST_FILE = YES;
				INFOPLIST_FILE = ShowBuildingEsri/Assits/Info.plist;
				INFOPLIST_KEY_UIApplicationSupportsIndirectInputEvents = YES;
				INFOPLIST_KEY_UILaunchStoryboardName = LaunchScreen;
				INFOPLIST_KEY_UIMainStoryboardFile = Main;
				INFOPLIST_KEY_UISupportedInterfaceOrientations_iPad = "UIInterfaceOrientationPortrait UIInterfaceOrientationPortraitUpsideDown UIInterfaceOrientationLandscapeLeft UIInterfaceOrientationLandscapeRight";
				INFOPLIST_KEY_UISupportedInterfaceOrientations_iPhone = "UIInterfaceOrientationPortrait UIInterfaceOrientationLandscapeLeft UIInterfaceOrientationLandscapeRight";
				LD_RUNPATH_SEARCH_PATHS = (
					"$(inherited)",
					"@executable_path/Frameworks",
				);
				MARKETING_VERSION = 1.0;
				PRODUCT_BUNDLE_IDENTIFIER = com.myorginization199.ShowBuildingEsri;
				PRODUCT_NAME = "$(TARGET_NAME)";
				SWIFT_EMIT_LOC_STRINGS = YES;
				SWIFT_VERSION = 5.0;
				TARGETED_DEVICE_FAMILY = 1;
			};
			name = Release;
		};
/* End XCBuildConfiguration section */

/* Begin XCConfigurationList section */
		D33D448B292CC16B00620A92 /* Build configuration list for PBXProject "ShowBuildingEsri" */ = {
			isa = XCConfigurationList;
			buildConfigurations = (
				D33D44A2292CC16D00620A92 /* Debug */,
				D33D44A3292CC16D00620A92 /* Release */,
			);
			defaultConfigurationIsVisible = 0;
			defaultConfigurationName = Release;
		};
		D33D44A4292CC16D00620A92 /* Build configuration list for PBXNativeTarget "ShowBuildingEsri" */ = {
			isa = XCConfigurationList;
			buildConfigurations = (
				D33D44A5292CC16D00620A92 /* Debug */,
				D33D44A6292CC16D00620A92 /* Release */,
			);
			defaultConfigurationIsVisible = 0;
			defaultConfigurationName = Release;
		};
/* End XCConfigurationList section */
	};
	rootObject = D33D4488292CC16B00620A92 /* Project object */;
}
